{
  "originHash" : "a4ea5c933c1a2e6b94f0a55751cbe2577fae6803b1494e492f9e9aa9f3b659d8",
  "pins" : [
    {
      "identity" : "grdb.swift",
      "kind" : "remoteSourceControl",
      "location" : "https://github.com/groue/GRDB.swift",
      "state" : {
        "revision" : "aa0079aeb82a4bf00324561a40bffe68c6fe1c26",
        "version" : "7.9.0"
      }
    },
    {
      "identity" : "lottie-spm",
      "kind" : "remoteSourceControl",
      "location" : "https://github.com/airbnb/lottie-spm",
      "state" : {
        "revision" : "04f2fd18cc9404a0a0917265a449002674f24ec9",
        "version" : "4.5.2"
      }
    },
    {
      "identity" : "statsig-kit",
      "kind" : "remoteSourceControl",
      "location" : "https://github.com/statsig-io/statsig-kit",
      "state" : {
        "revision" : "40adf1e74af3386d7614c85fa18956f8a080ba7c",
        "version" : "1.56.0"
      }
    },
    {
      "identity" : "systemnotification",
      "kind" : "remoteSourceControl",
      "location" : "https://github.com/danielsaidi/SystemNotification",
      "state" : {
        "revision" : "31a63e5674d8ca0b4ae646142a7a53c50b1937fa",
        "version" : "1.4.0"
      }
    }
  ],
  "version" : 3
}
