// !$*UTF8*$!
{
	archiveVersion = 1;
	classes = {
	};
	objectVersion = 77;
	objects = {

/* Begin PBXBuildFile section */
		5E9A1C3B2F12345600ABCDEF /* PostHog in Frameworks */ = {isa = PBXBuildFile; productRef = 5E9A1C3B2F12345600ABCDE1 /* PostHog */; };
		5EA1F94A2F1AF9680081D331 /* SystemNotification in Frameworks */ = {isa = PBXBuildFile; productRef = 5E8C2C702F9B8A2200A3D4E5 /* SystemNotification */; };
		5EF67A772ECA7D4C00D6673D /* Lottie in Frameworks */ = {isa = PBXBuildFile; productRef = 5EF67A782ECA7D4C00D6673D /* Lottie */; };
		5EF67A7A2ECA7D4D00D6673D /* GRDB in Frameworks */ = {isa = PBXBuildFile; productRef = 5EF67A7B2ECA7D4D00D6673D /* GRDB */; };
		5EFB14BB2F0A8A33007C9E1A /* MixBridgeDB in Frameworks */ = {isa = PBXBuildFile; productRef = 5EFB14BA2F0A8A33007C9E1A /* MixBridgeDB */; };
		5ESTATSG2F1A0000001A0001 /* Statsig in Frameworks */ = {isa = PBXBuildFile; productRef = 5ESTATSG2F1A0000001A0002 /* Statsig */; };
/* End PBXBuildFile section */

/* Begin PBXCopyFilesBuildPhase section */
		5EF67A762ECA7D4C00D6673D /* Copy Files */ = {
			isa = PBXCopyFilesBuildPhase;
			buildActionMask = 2147483647;
			dstPath = "";
			dstSubfolderSpec = 7;
			files = (
			);
			name = "Copy Files";
			runOnlyForDeploymentPostprocessing = 0;
		};
/* End PBXCopyFilesBuildPhase section */

/* Begin PBXFileReference section */
		5E55D33D2EC1567E005A5D2C /* mixbridge.app */ = {isa = PBXFileReference; explicitFileType = wrapper.application; includeInIndex = 0; path = mixbridge.app; sourceTree = BUILT_PRODUCTS_DIR; };
/* End PBXFileReference section */

/* Begin PBXFileSystemSynchronizedBuildFileExceptionSet section */
		5E855C332EDFD25600A53184 /* Exceptions for "mixbridge" folder in "mixbridge" target */ = {
			isa = PBXFileSystemSynchronizedBuildFileExceptionSet;
			membershipExceptions = (
				Info.plist,
			);
			target = 5E55D33C2EC1567E005A5D2C /* mixbridge */;
		};
/* End PBXFileSystemSynchronizedBuildFileExceptionSet section */

/* Begin PBXFileSystemSynchronizedRootGroup section */
		5E55D33F2EC1567E005A5D2C /* mixbridge */ = {
			isa = PBXFileSystemSynchronizedRootGroup;
			exceptions = (
				5E855C332EDFD25600A53184 /* Exceptions for "mixbridge" folder in "mixbridge" target */,
			);
			path = mixbridge;
			sourceTree = "<group>";
		};
/* End PBXFileSystemSynchronizedRootGroup section */

/* Begin PBXFrameworksBuildPhase section */
		5E55D33A2EC1567E005A5D2C /* Frameworks */ = {
			isa = PBXFrameworksBuildPhase;
			buildActionMask = 2147483647;
			files = (
				5EA1F94A2F1AF9680081D331 /* SystemNotification in Frameworks */,
				5EF67A772ECA7D4C00D6673D /* Lottie in Frameworks */,
				5EFB14BB2F0A8A33007C9E1A /* MixBridgeDB in Frameworks */,
				5EF67A7A2ECA7D4D00D6673D /* GRDB in Frameworks */,
				5E9A1C3B2F12345600ABCDEF /* PostHog in Frameworks */,
				5ESTATSG2F1A0000001A0001 /* Statsig in Frameworks */,
			);
			runOnlyForDeploymentPostprocessing = 0;
		};
/* End PBXFrameworksBuildPhase section */

/* Begin PBXGroup section */
		5E55D3342EC1567E005A5D2C = {
			isa = PBXGroup;
			children = (
				5E55D33F2EC1567E005A5D2C /* mixbridge */,
				5E55D33E2EC1567E005A5D2C /* Products */,
			);
			sourceTree = "<group>";
		};
		5E55D33E2EC1567E005A5D2C /* Products */ = {
			isa = PBXGroup;
			children = (
				5E55D33D2EC1567E005A5D2C /* mixbridge.app */,
			);
			name = Products;
			sourceTree = "<group>";
		};
/* End PBXGroup section */

/* Begin PBXNativeTarget section */
		5E55D33C2EC1567E005A5D2C /* mixbridge */ = {
			isa = PBXNativeTarget;
			buildConfigurationList = 5E55D3482EC1567F005A5D2C /* Build configuration list for PBXNativeTarget "mixbridge" */;
			buildPhases = (
				5E55D3392EC1567E005A5D2C /* Sources */,
				5E55D33A2EC1567E005A5D2C /* Frameworks */,
				5E55D33B2EC1567E005A5D2C /* Resources */,
				5EF67A762ECA7D4C00D6673D /* Copy Files */,
			);
			buildRules = (
			);
			dependencies = (
			);
			fileSystemSynchronizedGroups = (
				5E55D33F2EC1567E005A5D2C /* mixbridge */,
			);
			name = mixbridge;
			packageProductDependencies = (
				5EF67A782ECA7D4C00D6673D /* Lottie */,
				5EF67A7B2ECA7D4D00D6673D /* GRDB */,
				5E8C2C702F9B8A2200A3D4E5 /* SystemNotification */,
				5E9A1C3B2F12345600ABCDE1 /* PostHog */,
				5EFB14BA2F0A8A33007C9E1A /* MixBridgeDB */,
				5ESTATSG2F1A0000001A0002 /* Statsig */,
			);
			productName = mixbridge;
			productReference = 5E55D33D2EC1567E005A5D2C /* mixbridge.app */;
			productType = "com.apple.product-type.application";
		};
/* End PBXNativeTarget section */

/* Begin PBXProject section */
		5E55D3352EC1567E005A5D2C /* Project object */ = {
			isa = PBXProject;
			attributes = {
				BuildIndependentTargetsInParallel = 1;
				LastSwiftUpdateCheck = 2610;
				LastUpgradeCheck = 2610;
				TargetAttributes = {
					5E55D33C2EC1567E005A5D2C = {
						CreatedOnToolsVersion = 26.1;
					};
				};
			};
			buildConfigurationList = 5E55D3382EC1567E005A5D2C /* Build configuration list for PBXProject "mixbridge" */;
			developmentRegion = en;
			hasScannedForEncodings = 0;
			knownRegions = (
				en,
				Base,
			);
			mainGroup = 5E55D3342EC1567E005A5D2C;
			minimizedProjectReferenceProxies = 1;
			packageReferences = (
				5EF67A792ECA7D4C00D6673D /* XCRemoteSwiftPackageReference "lottie-spm" */,
				5EF67A7C2ECA7D4D00D6673D /* XCRemoteSwiftPackageReference "GRDB" */,
				5E8C2C6F2F9B8A2100A3D4E5 /* XCRemoteSwiftPackageReference "SystemNotification" */,
				5E9A1C3B2F12345600ABCDE0 /* XCRemoteSwiftPackageReference "posthog-ios" */,
				5EFB14B92F0A8A33007C9E1A /* XCLocalSwiftPackageReference "Packages/MixBridgeDB" */,
				5ESTATSG2F1A0000001A0003 /* XCRemoteSwiftPackageReference "statsig-kit" */,
			);
			preferredProjectObjectVersion = 77;
			productRefGroup = 5E55D33E2EC1567E005A5D2C /* Products */;
			projectDirPath = "";
			projectRoot = "";
			targets = (
				5E55D33C2EC1567E005A5D2C /* mixbridge */,
			);
		};
/* End PBXProject section */

/* Begin PBXResourcesBuildPhase section */
		5E55D33B2EC1567E005A5D2C /* Resources */ = {
			isa = PBXResourcesBuildPhase;
			buildActionMask = 2147483647;
			files = (
			);
			runOnlyForDeploymentPostprocessing = 0;
		};
/* End PBXResourcesBuildPhase section */

/* Begin PBXSourcesBuildPhase section */
		5E55D3392EC1567E005A5D2C /* Sources */ = {
			isa = PBXSourcesBuildPhase;
			buildActionMask = 2147483647;
			files = (
			);
			runOnlyForDeploymentPostprocessing = 0;
		};
/* End PBXSourcesBuildPhase section */

/* Begin XCBuildConfiguration section */
		5E55D3462EC1567F005A5D2C /* Debug */ = {
			isa = XCBuildConfiguration;
			buildSettings = {
				ALWAYS_SEARCH_USER_PATHS = NO;
				ASSETCATALOG_COMPILER_GENERATE_SWIFT_ASSET_SYMBOL_EXTENSIONS = YES;
				CLANG_ANALYZER_NONNULL = YES;
				CLANG_ANALYZER_NUMBER_OBJECT_CONVERSION = YES_AGGRESSIVE;
				CLANG_CXX_LANGUAGE_STANDARD = "gnu++20";
				CLANG_ENABLE_MODULES = YES;
				CLANG_ENABLE_OBJC_ARC = YES;
				CLANG_ENABLE_OBJC_WEAK = YES;
				CLANG_WARN_BLOCK_CAPTURE_AUTORELEASING = YES;
				CLANG_WARN_BOOL_CONVERSION = YES;
				CLANG_WARN_COMMA = YES;
				CLANG_WARN_CONSTANT_CONVERSION = YES;
				CLANG_WARN_DEPRECATED_OBJC_IMPLEMENTATIONS = YES;
				CLANG_WARN_DIRECT_OBJC_ISA_USAGE = YES_ERROR;
				CLANG_WARN_DOCUMENTATION_COMMENTS = YES;
				CLANG_WARN_EMPTY_BODY = YES;
				CLANG_WARN_ENUM_CONVERSION = YES;
				CLANG_WARN_INFINITE_RECURSION = YES;
				CLANG_WARN_INT_CONVERSION = YES;
				CLANG_WARN_NON_LITERAL_NULL_CONVERSION = YES;
				CLANG_WARN_OBJC_IMPLICIT_RETAIN_SELF = YES;
				CLANG_WARN_OBJC_LITERAL_CONVERSION = YES;
				CLANG_WARN_OBJC_ROOT_CLASS = YES_ERROR;
				CLANG_WARN_QUOTED_INCLUDE_IN_FRAMEWORK_HEADER = YES;
				CLANG_WARN_RANGE_LOOP_ANALYSIS = YES;
				CLANG_WARN_STRICT_PROTOTYPES = YES;
				CLANG_WARN_SUSPICIOUS_MOVE = YES;
				CLANG_WARN_UNGUARDED_AVAILABILITY = YES_AGGRESSIVE;
				CLANG_WARN_UNREACHABLE_CODE = YES;
				CLANG_WARN__DUPLICATE_METHOD_MATCH = YES;
				COPY_PHASE_STRIP = NO;
				DEBUG_INFORMATION_FORMAT = dwarf;
				ENABLE_STRICT_OBJC_MSGSEND = YES;
				ENABLE_TESTABILITY = YES;
				ENABLE_USER_SCRIPT_SANDBOXING = YES;
				GCC_C_LANGUAGE_STANDARD = gnu17;
				GCC_DYNAMIC_NO_PIC = NO;
				GCC_NO_COMMON_BLOCKS = YES;
				GCC_OPTIMIZATION_LEVEL = 0;
				GCC_PREPROCESSOR_DEFINITIONS = (
					"DEBUG=1",
					"$(inherited)",
				);
				GCC_WARN_64_TO_32_BIT_CONVERSION = YES;
				GCC_WARN_ABOUT_RETURN_TYPE = YES_ERROR;
				GCC_WARN_UNDECLARED_SELECTOR = YES;
				GCC_WARN_UNINITIALIZED_AUTOS = YES_AGGRESSIVE;
				GCC_WARN_UNUSED_FUNCTION = YES;
				GCC_WARN_UNUSED_VARIABLE = YES;
				IPHONEOS_DEPLOYMENT_TARGET = 26.0;
				LOCALIZATION_PREFERS_STRING_CATALOGS = YES;
				MTL_ENABLE_DEBUG_INFO = INCLUDE_SOURCE;
				MTL_FAST_MATH = YES;
				ONLY_ACTIVE_ARCH = YES;
				SDKROOT = iphoneos;
				SWIFT_ACTIVE_COMPILATION_CONDITIONS = "DEBUG $(inherited)";
				SWIFT_OPTIMIZATION_LEVEL = "-Onone";
			};
			name = Debug;
		};
		5E55D3472EC1567F005A5D2C /* Release */ = {
			isa = XCBuildConfiguration;
			buildSettings = {
				ALWAYS_SEARCH_USER_PATHS = NO;
				ASSETCATALOG_COMPILER_GENERATE_SWIFT_ASSET_SYMBOL_EXTENSIONS = YES;
				CLANG_ANALYZER_NONNULL = YES;
				CLANG_ANALYZER_NUMBER_OBJECT_CONVERSION = YES_AGGRESSIVE;
				CLANG_CXX_LANGUAGE_STANDARD = "gnu++20";
				CLANG_ENABLE_MODULES = YES;
				CLANG_ENABLE_OBJC_ARC = YES;
				CLANG_ENABLE_OBJC_WEAK = YES;
				CLANG_WARN_BLOCK_CAPTURE_AUTORELEASING = YES;
				CLANG_WARN_BOOL_CONVERSION = YES;
				CLANG_WARN_COMMA = YES;
				CLANG_WARN_CONSTANT_CONVERSION = YES;
				CLANG_WARN_DEPRECATED_OBJC_IMPLEMENTATIONS = YES;
				CLANG_WARN_DIRECT_OBJC_ISA_USAGE = YES_ERROR;
				CLANG_WARN_DOCUMENTATION_COMMENTS = YES;
				CLANG_WARN_EMPTY_BODY = YES;
				CLANG_WARN_ENUM_CONVERSION = YES;
				CLANG_WARN_INFINITE_RECURSION = YES;
				CLANG_WARN_INT_CONVERSION = YES;
				CLANG_WARN_NON_LITERAL_NULL_CONVERSION = YES;
				CLANG_WARN_OBJC_IMPLICIT_RETAIN_SELF = YES;
				CLANG_WARN_OBJC_LITERAL_CONVERSION = YES;
				CLANG_WARN_OBJC_ROOT_CLASS = YES_ERROR;
				CLANG_WARN_QUOTED_INCLUDE_IN_FRAMEWORK_HEADER = YES;
				CLANG_WARN_RANGE_LOOP_ANALYSIS = YES;
				CLANG_WARN_STRICT_PROTOTYPES = YES;
				CLANG_WARN_SUSPICIOUS_MOVE = YES;
				CLANG_WARN_UNGUARDED_AVAILABILITY = YES_AGGRESSIVE;
				CLANG_WARN_UNREACHABLE_CODE = YES;
				CLANG_WARN__DUPLICATE_METHOD_MATCH = YES;
				COPY_PHASE_STRIP = NO;
				DEBUG_INFORMATION_FORMAT = "dwarf-with-dsym";
				ENABLE_NS_ASSERTIONS = NO;
				ENABLE_STRICT_OBJC_MSGSEND = YES;
				ENABLE_USER_SCRIPT_SANDBOXING = YES;
				GCC_C_LANGUAGE_STANDARD = gnu17;
				GCC_NO_COMMON_BLOCKS = YES;
				GCC_WARN_64_TO_32_BIT_CONVERSION = YES;
				GCC_WARN_ABOUT_RETURN_TYPE = YES_ERROR;
				GCC_WARN_UNDECLARED_SELECTOR = YES;
				GCC_WARN_UNINITIALIZED_AUTOS = YES_AGGRESSIVE;
				GCC_WARN_UNUSED_FUNCTION = YES;
				GCC_WARN_UNUSED_VARIABLE = YES;
				IPHONEOS_DEPLOYMENT_TARGET = 26.0;
				LOCALIZATION_PREFERS_STRING_CATALOGS = YES;
				MTL_ENABLE_DEBUG_INFO = NO;
				MTL_FAST_MATH = YES;
				SDKROOT = iphoneos;
				SWIFT_COMPILATION_MODE = wholemodule;
				VALIDATE_PRODUCT = YES;
			};
			name = Release;
		};
		5E55D3492EC1567F005A5D2C /* Debug */ = {
			isa = XCBuildConfiguration;
			buildSettings = {
				ASSETCATALOG_COMPILER_APPICON_NAME = AppIcon;
				ASSETCATALOG_COMPILER_GLOBAL_ACCENT_COLOR_NAME = AccentColor;
				CODE_SIGN_IDENTITY = "Apple Development";
				CODE_SIGN_STYLE = Automatic;
				CURRENT_PROJECT_VERSION = 1;
				DEVELOPMENT_TEAM = G2U3K77U5W;
				ENABLE_PREVIEWS = YES;
				GENERATE_INFOPLIST_FILE = YES;
				INFOPLIST_FILE = mixbridge/Info.plist;
				INFOPLIST_KEY_CFBundleDisplayName = "";
				INFOPLIST_KEY_CFBundleURLTypes = "{\n    CFBundleTypeRole = Editor;\n    CFBundleURLName = \"com.mixbridge.auth\";\n    CFBundleURLSchemes =     (\n        mixbridge\n    );\n}";
				INFOPLIST_KEY_LSApplicationCategoryType = "";
				INFOPLIST_KEY_UIApplicationSceneManifest_Generation = YES;
				INFOPLIST_KEY_UIApplicationSupportsIndirectInputEvents = YES;
				INFOPLIST_KEY_UISupportedInterfaceOrientations = UIInterfaceOrientationPortrait;
				INFOPLIST_KEY_UISupportedInterfaceOrientations_iPad = "UIInterfaceOrientationPortrait UIInterfaceOrientationPortraitUpsideDown UIInterfaceOrientationLandscapeLeft UIInterfaceOrientationLandscapeRight";
				IPHONEOS_DEPLOYMENT_TARGET = 26.0;
				LD_RUNPATH_SEARCH_PATHS = (
					"$(inherited)",
					"@executable_path/Frameworks",
				);
				MARKETING_VERSION = 1.7;
				PRODUCT_BUNDLE_IDENTIFIER = com.hari.mixbridge;
				PRODUCT_NAME = "$(TARGET_NAME)";
				PROVISIONING_PROFILE_SPECIFIER = "";
				STRING_CATALOG_GENERATE_SYMBOLS = YES;
				SWIFT_APPROACHABLE_CONCURRENCY = YES;
				SWIFT_DEFAULT_ACTOR_ISOLATION = MainActor;
				SWIFT_EMIT_LOC_STRINGS = YES;
				SWIFT_UPCOMING_FEATURE_MEMBER_IMPORT_VISIBILITY = YES;
				SWIFT_VERSION = 5.0;
				TARGETED_DEVICE_FAMILY = "1,2";
			};
			name = Debug;
		};
		5E55D34A2EC1567F005A5D2C /* Release */ = {
			isa = XCBuildConfiguration;
			buildSettings = {
				ASSETCATALOG_COMPILER_APPICON_NAME = AppIcon;
				ASSETCATALOG_COMPILER_GLOBAL_ACCENT_COLOR_NAME = AccentColor;
				CODE_SIGN_IDENTITY = "Apple Development";
				CODE_SIGN_STYLE = Automatic;
				CURRENT_PROJECT_VERSION = 1;
				DEVELOPMENT_TEAM = G2U3K77U5W;
				ENABLE_PREVIEWS = YES;
				GENERATE_INFOPLIST_FILE = YES;
				INFOPLIST_FILE = mixbridge/Info.plist;
				INFOPLIST_KEY_CFBundleDisplayName = "";
				INFOPLIST_KEY_CFBundleURLTypes = "{\n    CFBundleTypeRole = Editor;\n    CFBundleURLName = \"com.mixbridge.auth\";\n    CFBundleURLSchemes =     (\n        mixbridge\n    );\n}";
				INFOPLIST_KEY_LSApplicationCategoryType = "";
				INFOPLIST_KEY_UIApplicationSceneManifest_Generation = YES;
				INFOPLIST_KEY_UIApplicationSupportsIndirectInputEvents = YES;
				INFOPLIST_KEY_UISupportedInterfaceOrientations = UIInterfaceOrientationPortrait;
				INFOPLIST_KEY_UISupportedInterfaceOrientations_iPad = "UIInterfaceOrientationPortrait UIInterfaceOrientationPortraitUpsideDown UIInterfaceOrientationLandscapeLeft UIInterfaceOrientationLandscapeRight";
				IPHONEOS_DEPLOYMENT_TARGET = 26.0;
				LD_RUNPATH_SEARCH_PATHS = (
					"$(inherited)",
					"@executable_path/Frameworks",
				);
				MARKETING_VERSION = 1.7;
				PRODUCT_BUNDLE_IDENTIFIER = com.hari.mixbridge;
				PRODUCT_NAME = "$(TARGET_NAME)";
				PROVISIONING_PROFILE_SPECIFIER = "";
				STRING_CATALOG_GENERATE_SYMBOLS = YES;
				SWIFT_APPROACHABLE_CONCURRENCY = YES;
				SWIFT_DEFAULT_ACTOR_ISOLATION = MainActor;
				SWIFT_EMIT_LOC_STRINGS = YES;
				SWIFT_UPCOMING_FEATURE_MEMBER_IMPORT_VISIBILITY = YES;
				SWIFT_VERSION = 5.0;
				TARGETED_DEVICE_FAMILY = "1,2";
			};
			name = Release;
		};
/* End XCBuildConfiguration section */

/* Begin XCConfigurationList section */
		5E55D3382EC1567E005A5D2C /* Build configuration list for PBXProject "mixbridge" */ = {
			isa = XCConfigurationList;
			buildConfigurations = (
				5E55D3462EC1567F005A5D2C /* Debug */,
				5E55D3472EC1567F005A5D2C /* Release */,
			);
			defaultConfigurationIsVisible = 0;
			defaultConfigurationName = Release;
		};
		5E55D3482EC1567F005A5D2C /* Build configuration list for PBXNativeTarget "mixbridge" */ = {
			isa = XCConfigurationList;
			buildConfigurations = (
				5E55D3492EC1567F005A5D2C /* Debug */,
				5E55D34A2EC1567F005A5D2C /* Release */,
			);
			defaultConfigurationIsVisible = 0;
			defaultConfigurationName = Release;
		};
/* End XCConfigurationList section */

/* Begin XCLocalSwiftPackageReference section */
		5EFB14B92F0A8A33007C9E1A /* XCLocalSwiftPackageReference "Packages/MixBridgeDB" */ = {
			isa = XCLocalSwiftPackageReference;
			relativePath = Packages/MixBridgeDB;
		};
/* End XCLocalSwiftPackageReference section */

/* Begin XCRemoteSwiftPackageReference section */
		5E8C2C6F2F9B8A2100A3D4E5 /* XCRemoteSwiftPackageReference "SystemNotification" */ = {
			isa = XCRemoteSwiftPackageReference;
			repositoryURL = "https://github.com/danielsaidi/SystemNotification";
			requirement = {
				kind = upToNextMajorVersion;
				minimumVersion = 1.4.0;
			};
		};
		5E9A1C3B2F12345600ABCDE0 /* XCRemoteSwiftPackageReference "posthog-ios" */ = {
			isa = XCRemoteSwiftPackageReference;
			repositoryURL = "https://github.com/PostHog/posthog-ios";
			requirement = {
				kind = upToNextMajorVersion;
				minimumVersion = 3.0.0;
			};
		};
		5EF67A792ECA7D4C00D6673D /* XCRemoteSwiftPackageReference "lottie-spm" */ = {
			isa = XCRemoteSwiftPackageReference;
			repositoryURL = "https://github.com/airbnb/lottie-spm";
			requirement = {
				kind = upToNextMajorVersion;
				minimumVersion = 4.4.3;
			};
		};
		5EF67A7C2ECA7D4D00D6673D /* XCRemoteSwiftPackageReference "GRDB" */ = {
			isa = XCRemoteSwiftPackageReference;
			repositoryURL = "https://github.com/groue/GRDB.swift";
			requirement = {
				kind = upToNextMajorVersion;
				minimumVersion = 7.0.0;
			};
		};
		5ESTATSG2F1A0000001A0003 /* XCRemoteSwiftPackageReference "statsig-kit" */ = {
			isa = XCRemoteSwiftPackageReference;
			repositoryURL = "https://github.com/statsig-io/statsig-kit";
			requirement = {
				kind = upToNextMajorVersion;
				minimumVersion = 1.0.0;
			};
		};
/* End XCRemoteSwiftPackageReference section */

/* Begin XCSwiftPackageProductDependency section */
		5E8C2C702F9B8A2200A3D4E5 /* SystemNotification */ = {
			isa = XCSwiftPackageProductDependency;
			package = 5E8C2C6F2F9B8A2100A3D4E5 /* XCRemoteSwiftPackageReference "SystemNotification" */;
			productName = SystemNotification;
		};
		5E9A1C3B2F12345600ABCDE1 /* PostHog */ = {
			isa = XCSwiftPackageProductDependency;
			package = 5E9A1C3B2F12345600ABCDE0 /* XCRemoteSwiftPackageReference "posthog-ios" */;
			productName = PostHog;
		};
		5EF67A782ECA7D4C00D6673D /* Lottie */ = {
			isa = XCSwiftPackageProductDependency;
			package = 5EF67A792ECA7D4C00D6673D /* XCRemoteSwiftPackageReference "lottie-spm" */;
			productName = Lottie;
		};
		5EF67A7B2ECA7D4D00D6673D /* GRDB */ = {
			isa = XCSwiftPackageProductDependency;
			package = 5EF67A7C2ECA7D4D00D6673D /* XCRemoteSwiftPackageReference "GRDB" */;
			productName = GRDB;
		};
		5EFB14BA2F0A8A33007C9E1A /* MixBridgeDB */ = {
			isa = XCSwiftPackageProductDependency;
			productName = MixBridgeDB;
		};
		5ESTATSG2F1A0000001A0002 /* Statsig */ = {
			isa = XCSwiftPackageProductDependency;
			package = 5ESTATSG2F1A0000001A0003 /* XCRemoteSwiftPackageReference "statsig-kit" */;
			productName = Statsig;
		};
/* End XCSwiftPackageProductDependency section */
	};
	rootObject = 5E55D3352EC1567E005A5D2C /* Project object */;
}
